// !$*UTF8*$!
{
	archiveVersion = 1;
	classes = {
	};
	objectVersion = 55;
	objects = {

/* Begin PBXBuildFile section */
		21911E3B9833AEC39EBF77BF /* Pods_MVVMDemoApplication.framework in Frameworks */ = {isa = PBXBuildFile; fileRef = F036A50F2735A79FE9BA15D4 /* Pods_MVVMDemoApplication.framework */; };
		3A035E3227380F6B00B29F25 /* ThirdVCCollectionViewCell.swift in Sources */ = {isa = PBXBuildFile; fileRef = 3A035E3027380F6B00B29F25 /* ThirdVCCollectionViewCell.swift */; };
		3A035E3327380F6B00B29F25 /* ThirdVCCollectionViewCell.xib in Resources */ = {isa = PBXBuildFile; fileRef = 3A035E3127380F6B00B29F25 /* ThirdVCCollectionViewCell.xib */; };
		3A2207B62742657C00699CD4 /* AlertBuilder.swift in Sources */ = {isa = PBXBuildFile; fileRef = 3A2207B52742657C00699CD4 /* AlertBuilder.swift */; };
		3A3338F7273925F000F8CBEE /* MainRouter.swift in Sources */ = {isa = PBXBuildFile; fileRef = 3A3338F6273925F000F8CBEE /* MainRouter.swift */; };
		3A3338FA27392E6100F8CBEE /* Router.swift in Sources */ = {isa = PBXBuildFile; fileRef = 3A3338F927392E6100F8CBEE /* Router.swift */; };
		3A3338FD273A78D400F8CBEE /* TableViewProtocols.swift in Sources */ = {isa = PBXBuildFile; fileRef = 3A3338FC273A78D400F8CBEE /* TableViewProtocols.swift */; };
		3A333900273A7A8E00F8CBEE /* FourthVM.swift in Sources */ = {isa = PBXBuildFile; fileRef = 3A3338FF273A7A8E00F8CBEE /* FourthVM.swift */; };
		3A333903273AA74000F8CBEE /* City.swift in Sources */ = {isa = PBXBuildFile; fileRef = 3A333902273AA74000F8CBEE /* City.swift */; };
		3A333905273AA78A00F8CBEE /* Cities.swift in Sources */ = {isa = PBXBuildFile; fileRef = 3A333904273AA78A00F8CBEE /* Cities.swift */; };
		3A333907273AA7E300F8CBEE /* APIResult.swift in Sources */ = {isa = PBXBuildFile; fileRef = 3A333906273AA7E300F8CBEE /* APIResult.swift */; };
		3A333909273AAA9F00F8CBEE /* FourthAPIManager.swift in Sources */ = {isa = PBXBuildFile; fileRef = 3A333908273AAA9F00F8CBEE /* FourthAPIManager.swift */; };
		3A33390B273AC0F600F8CBEE /* StringExtension.swift in Sources */ = {isa = PBXBuildFile; fileRef = 3A33390A273AC0F600F8CBEE /* StringExtension.swift */; };
		3A33390D273BA5FF00F8CBEE /* FirstVM.swift in Sources */ = {isa = PBXBuildFile; fileRef = 3A33390C273BA5FF00F8CBEE /* FirstVM.swift */; };
		3AB211CE2733DF2100A43B96 /* SecondVCTableViewCell.swift in Sources */ = {isa = PBXBuildFile; fileRef = 3AB211CC2733DF2100A43B96 /* SecondVCTableViewCell.swift */; };
		3AB211CF2733DF2100A43B96 /* SecondVCTableViewCell.xib in Resources */ = {isa = PBXBuildFile; fileRef = 3AB211CD2733DF2100A43B96 /* SecondVCTableViewCell.xib */; };
		3AB98FAD2737BB38000B8531 /* SecondVM.swift in Sources */ = {isa = PBXBuildFile; fileRef = 3AB98FAC2737BB38000B8531 /* SecondVM.swift */; };
		3AB98FAF2737BB52000B8531 /* TableViewCellModel.swift in Sources */ = {isa = PBXBuildFile; fileRef = 3AB98FAE2737BB52000B8531 /* TableViewCellModel.swift */; };
		3AB98FB22737D2B8000B8531 /* StringsConstans.swift in Sources */ = {isa = PBXBuildFile; fileRef = 3AB98FB12737D2B8000B8531 /* StringsConstans.swift */; };
		3AB98FB62737DF2D000B8531 /* ThirdVC.swift in Sources */ = {isa = PBXBuildFile; fileRef = 3AB98FB42737DF2D000B8531 /* ThirdVC.swift */; };
		3AB98FB72737DF2D000B8531 /* ThirdVC.xib in Resources */ = {isa = PBXBuildFile; fileRef = 3AB98FB52737DF2D000B8531 /* ThirdVC.xib */; };
		3AB98FBA2737F142000B8531 /* CGFlaotExtension.swift in Sources */ = {isa = PBXBuildFile; fileRef = 3AB98FB92737F142000B8531 /* CGFlaotExtension.swift */; };
		3AB98FBC2737F17F000B8531 /* UIExtension.swift in Sources */ = {isa = PBXBuildFile; fileRef = 3AB98FBB2737F17F000B8531 /* UIExtension.swift */; };
		3AB98FBE2737F87F000B8531 /* PicsumService.swift in Sources */ = {isa = PBXBuildFile; fileRef = 3AB98FBD2737F87F000B8531 /* PicsumService.swift */; };
		3AB98FC62738016C000B8531 /* ThirdVM.swift in Sources */ = {isa = PBXBuildFile; fileRef = 3AB98FC52738016C000B8531 /* ThirdVM.swift */; };
		3AB98FC827380606000B8531 /* CollectionViewCellModel.swift in Sources */ = {isa = PBXBuildFile; fileRef = 3AB98FC727380606000B8531 /* CollectionViewCellModel.swift */; };
		3AE7138A2732BCF500481ED2 /* AppDelegate.swift in Sources */ = {isa = PBXBuildFile; fileRef = 3AE713892732BCF500481ED2 /* AppDelegate.swift */; };
		3AE713932732BCF600481ED2 /* Assets.xcassets in Resources */ = {isa = PBXBuildFile; fileRef = 3AE713922732BCF600481ED2 /* Assets.xcassets */; };
		3AE713962732BCF600481ED2 /* LaunchScreen.storyboard in Resources */ = {isa = PBXBuildFile; fileRef = 3AE713942732BCF600481ED2 /* LaunchScreen.storyboard */; };
		3AE7139F2732D5C000481ED2 /* FirstVC.swift in Sources */ = {isa = PBXBuildFile; fileRef = 3AE7139D2732D5C000481ED2 /* FirstVC.swift */; };
		3AE713A02732D5C000481ED2 /* FirstVC.xib in Resources */ = {isa = PBXBuildFile; fileRef = 3AE7139E2732D5C000481ED2 /* FirstVC.xib */; };
		3AE713A42732DC5500481ED2 /* SecondVC.swift in Sources */ = {isa = PBXBuildFile; fileRef = 3AE713A22732DC5500481ED2 /* SecondVC.swift */; };
		3AE713A52732DC5500481ED2 /* SecondVC.xib in Resources */ = {isa = PBXBuildFile; fileRef = 3AE713A32732DC5500481ED2 /* SecondVC.xib */; };
/* End PBXBuildFile section */

/* Begin PBXFileReference section */
		3A035E3027380F6B00B29F25 /* ThirdVCCollectionViewCell.swift */ = {isa = PBXFileReference; lastKnownFileType = sourcecode.swift; path = ThirdVCCollectionViewCell.swift; sourceTree = "<group>"; };
		3A035E3127380F6B00B29F25 /* ThirdVCCollectionViewCell.xib */ = {isa = PBXFileReference; lastKnownFileType = file.xib; path = ThirdVCCollectionViewCell.xib; sourceTree = "<group>"; };
		3A2207B52742657C00699CD4 /* AlertBuilder.swift */ = {isa = PBXFileReference; lastKnownFileType = sourcecode.swift; path = AlertBuilder.swift; sourceTree = "<group>"; };
		3A3338F6273925F000F8CBEE /* MainRouter.swift */ = {isa = PBXFileReference; lastKnownFileType = sourcecode.swift; path = MainRouter.swift; sourceTree = "<group>"; };
		3A3338F927392E6100F8CBEE /* Router.swift */ = {isa = PBXFileReference; lastKnownFileType = sourcecode.swift; path = Router.swift; sourceTree = "<group>"; };
		3A3338FC273A78D400F8CBEE /* TableViewProtocols.swift */ = {isa = PBXFileReference; lastKnownFileType = sourcecode.swift; path = TableViewProtocols.swift; sourceTree = "<group>"; };
		3A3338FF273A7A8E00F8CBEE /* FourthVM.swift */ = {isa = PBXFileReference; lastKnownFileType = sourcecode.swift; path = FourthVM.swift; sourceTree = "<group>"; };
		3A333902273AA74000F8CBEE /* City.swift */ = {isa = PBXFileReference; lastKnownFileType = sourcecode.swift; path = City.swift; sourceTree = "<group>"; };
		3A333904273AA78A00F8CBEE /* Cities.swift */ = {isa = PBXFileReference; lastKnownFileType = sourcecode.swift; path = Cities.swift; sourceTree = "<group>"; };
		3A333906273AA7E300F8CBEE /* APIResult.swift */ = {isa = PBXFileReference; lastKnownFileType = sourcecode.swift; path = APIResult.swift; sourceTree = "<group>"; };
		3A333908273AAA9F00F8CBEE /* FourthAPIManager.swift */ = {isa = PBXFileReference; lastKnownFileType = sourcecode.swift; path = FourthAPIManager.swift; sourceTree = "<group>"; };
		3A33390A273AC0F600F8CBEE /* StringExtension.swift */ = {isa = PBXFileReference; lastKnownFileType = sourcecode.swift; path = StringExtension.swift; sourceTree = "<group>"; };
		3A33390C273BA5FF00F8CBEE /* FirstVM.swift */ = {isa = PBXFileReference; lastKnownFileType = sourcecode.swift; path = FirstVM.swift; sourceTree = "<group>"; };
		3AB211CC2733DF2100A43B96 /* SecondVCTableViewCell.swift */ = {isa = PBXFileReference; lastKnownFileType = sourcecode.swift; path = SecondVCTableViewCell.swift; sourceTree = "<group>"; };
		3AB211CD2733DF2100A43B96 /* SecondVCTableViewCell.xib */ = {isa = PBXFileReference; lastKnownFileType = file.xib; path = SecondVCTableViewCell.xib; sourceTree = "<group>"; };
		3AB98FAC2737BB38000B8531 /* SecondVM.swift */ = {isa = PBXFileReference; lastKnownFileType = sourcecode.swift; path = SecondVM.swift; sourceTree = "<group>"; };
		3AB98FAE2737BB52000B8531 /* TableViewCellModel.swift */ = {isa = PBXFileReference; lastKnownFileType = sourcecode.swift; path = TableViewCellModel.swift; sourceTree = "<group>"; };
		3AB98FB12737D2B8000B8531 /* StringsConstans.swift */ = {isa = PBXFileReference; lastKnownFileType = sourcecode.swift; path = StringsConstans.swift; sourceTree = "<group>"; };
		3AB98FB42737DF2D000B8531 /* ThirdVC.swift */ = {isa = PBXFileReference; lastKnownFileType = sourcecode.swift; path = ThirdVC.swift; sourceTree = "<group>"; };
		3AB98FB52737DF2D000B8531 /* ThirdVC.xib */ = {isa = PBXFileReference; lastKnownFileType = file.xib; path = ThirdVC.xib; sourceTree = "<group>"; };
		3AB98FB92737F142000B8531 /* CGFlaotExtension.swift */ = {isa = PBXFileReference; lastKnownFileType = sourcecode.swift; path = CGFlaotExtension.swift; sourceTree = "<group>"; };
		3AB98FBB2737F17F000B8531 /* UIExtension.swift */ = {isa = PBXFileReference; lastKnownFileType = sourcecode.swift; path = UIExtension.swift; sourceTree = "<group>"; };
		3AB98FBD2737F87F000B8531 /* PicsumService.swift */ = {isa = PBXFileReference; lastKnownFileType = sourcecode.swift; path = PicsumService.swift; sourceTree = "<group>"; };
		3AB98FC52738016C000B8531 /* ThirdVM.swift */ = {isa = PBXFileReference; lastKnownFileType = sourcecode.swift; path = ThirdVM.swift; sourceTree = "<group>"; };
		3AB98FC727380606000B8531 /* CollectionViewCellModel.swift */ = {isa = PBXFileReference; lastKnownFileType = sourcecode.swift; path = CollectionViewCellModel.swift; sourceTree = "<group>"; };
		3AE713862732BCF400481ED2 /* MVVMDemoApplication.app */ = {isa = PBXFileReference; explicitFileType = wrapper.application; includeInIndex = 0; path = MVVMDemoApplication.app; sourceTree = BUILT_PRODUCTS_DIR; };
		3AE713892732BCF500481ED2 /* AppDelegate.swift */ = {isa = PBXFileReference; lastKnownFileType = sourcecode.swift; path = AppDelegate.swift; sourceTree = "<group>"; };
		3AE713922732BCF600481ED2 /* Assets.xcassets */ = {isa = PBXFileReference; lastKnownFileType = folder.assetcatalog; path = Assets.xcassets; sourceTree = "<group>"; };
		3AE713952732BCF600481ED2 /* Base */ = {isa = PBXFileReference; lastKnownFileType = file.storyboard; name = Base; path = Base.lproj/LaunchScreen.storyboard; sourceTree = "<group>"; };
		3AE713972732BCF600481ED2 /* Info.plist */ = {isa = PBXFileReference; lastKnownFileType = text.plist.xml; path = Info.plist; sourceTree = "<group>"; };
		3AE7139D2732D5C000481ED2 /* FirstVC.swift */ = {isa = PBXFileReference; lastKnownFileType = sourcecode.swift; path = FirstVC.swift; sourceTree = "<group>"; };
		3AE7139E2732D5C000481ED2 /* FirstVC.xib */ = {isa = PBXFileReference; lastKnownFileType = file.xib; path = FirstVC.xib; sourceTree = "<group>"; };
		3AE713A22732DC5500481ED2 /* SecondVC.swift */ = {isa = PBXFileReference; lastKnownFileType = sourcecode.swift; path = SecondVC.swift; sourceTree = "<group>"; };
		3AE713A32732DC5500481ED2 /* SecondVC.xib */ = {isa = PBXFileReference; lastKnownFileType = file.xib; path = SecondVC.xib; sourceTree = "<group>"; };
		6E6DC37770BC9526770034FE /* Pods-MVVMDemoApplication.release.xcconfig */ = {isa = PBXFileReference; includeInIndex = 1; lastKnownFileType = text.xcconfig; name = "Pods-MVVMDemoApplication.release.xcconfig"; path = "Target Support Files/Pods-MVVMDemoApplication/Pods-MVVMDemoApplication.release.xcconfig"; sourceTree = "<group>"; };
		83CE1C9604E3040E5BAB8712 /* Pods-MVVMDemoApplication.debug.xcconfig */ = {isa = PBXFileReference; includeInIndex = 1; lastKnownFileType = text.xcconfig; name = "Pods-MVVMDemoApplication.debug.xcconfig"; path = "Target Support Files/Pods-MVVMDemoApplication/Pods-MVVMDemoApplication.debug.xcconfig"; sourceTree = "<group>"; };
		F036A50F2735A79FE9BA15D4 /* Pods_MVVMDemoApplication.framework */ = {isa = PBXFileReference; explicitFileType = wrapper.framework; includeInIndex = 0; path = Pods_MVVMDemoApplication.framework; sourceTree = BUILT_PRODUCTS_DIR; };
/* End PBXFileReference section */

/* Begin PBXFrameworksBuildPhase section */
		3AE713832732BCF400481ED2 /* Frameworks */ = {
			isa = PBXFrameworksBuildPhase;
			buildActionMask = 2147483647;
			files = (
				21911E3B9833AEC39EBF77BF /* Pods_MVVMDemoApplication.framework in Frameworks */,
			);
			runOnlyForDeploymentPostprocessing = 0;
		};
/* End PBXFrameworksBuildPhase section */

/* Begin PBXGroup section */
		2E0BBEB692F9E6494DA2CE7E /* Frameworks */ = {
			isa = PBXGroup;
			children = (
				F036A50F2735A79FE9BA15D4 /* Pods_MVVMDemoApplication.framework */,
			);
			name = Frameworks;
			sourceTree = "<group>";
		};
		3A2207B42742655000699CD4 /* Alert */ = {
			isa = PBXGroup;
			children = (
				3A2207B52742657C00699CD4 /* AlertBuilder.swift */,
			);
			path = Alert;
			sourceTree = "<group>";
		};
		3A3338F827392E5000F8CBEE /* Routers */ = {
			isa = PBXGroup;
			children = (
				3A3338F6273925F000F8CBEE /* MainRouter.swift */,
				3A3338F927392E6100F8CBEE /* Router.swift */,
			);
			path = Routers;
			sourceTree = "<group>";
		};
		3A3338FB273A78BD00F8CBEE /* TableViewVM */ = {
			isa = PBXGroup;
			children = (
				3A3338FC273A78D400F8CBEE /* TableViewProtocols.swift */,
				3AB98FAE2737BB52000B8531 /* TableViewCellModel.swift */,
			);
			path = TableViewVM;
			sourceTree = "<group>";
		};
		3A3338FE273A79E900F8CBEE /* FourthMV-API */ = {
			isa = PBXGroup;
			children = (
				3A333901273AA71800F8CBEE /* API */,
				3A3338FF273A7A8E00F8CBEE /* FourthVM.swift */,
			);
			path = "FourthMV-API";
			sourceTree = "<group>";
		};
		3A333901273AA71800F8CBEE /* API */ = {
			isa = PBXGroup;
			children = (
				3A333902273AA74000F8CBEE /* City.swift */,
				3A333904273AA78A00F8CBEE /* Cities.swift */,
				3A333906273AA7E300F8CBEE /* APIResult.swift */,
				3A333908273AAA9F00F8CBEE /* FourthAPIManager.swift */,
			);
			path = API;
			sourceTree = "<group>";
		};
		3A333910273BEE7200F8CBEE /* SecondVC */ = {
			isa = PBXGroup;
			children = (
				3AE713A22732DC5500481ED2 /* SecondVC.swift */,
				3AB98FAC2737BB38000B8531 /* SecondVM.swift */,
				3AE713A32732DC5500481ED2 /* SecondVC.xib */,
				3AB211D02734215800A43B96 /* SeconodTBCell */,
			);
			path = SecondVC;
			sourceTree = "<group>";
		};
		3AB211D02734215800A43B96 /* SeconodTBCell */ = {
			isa = PBXGroup;
			children = (
				3AB211CC2733DF2100A43B96 /* SecondVCTableViewCell.swift */,
				3AB211CD2733DF2100A43B96 /* SecondVCTableViewCell.xib */,
			);
			path = SeconodTBCell;
			sourceTree = "<group>";
		};
		3AB98FB02737D27F000B8531 /* Strings */ = {
			isa = PBXGroup;
			children = (
				3AB98FB12737D2B8000B8531 /* StringsConstans.swift */,
			);
			path = Strings;
			sourceTree = "<group>";
		};
		3AB98FB32737DEF0000B8531 /* ThirdVC */ = {
			isa = PBXGroup;
			children = (
				3AB98FB42737DF2D000B8531 /* ThirdVC.swift */,
				3AB98FC52738016C000B8531 /* ThirdVM.swift */,
				3AB98FB52737DF2D000B8531 /* ThirdVC.xib */,
				3AB98FC427380148000B8531 /* ThirdCollection */,
			);
			path = ThirdVC;
			sourceTree = "<group>";
		};
		3AB98FB82737F0DB000B8531 /* Extension */ = {
			isa = PBXGroup;
			children = (
				3AB98FB92737F142000B8531 /* CGFlaotExtension.swift */,
				3AB98FBB2737F17F000B8531 /* UIExtension.swift */,
				3A33390A273AC0F600F8CBEE /* StringExtension.swift */,
			);
			path = Extension;
			sourceTree = "<group>";
		};
		3AB98FBF2737FB81000B8531 /* ThirdCollectionCell */ = {
			isa = PBXGroup;
			children = (
				3A035E3027380F6B00B29F25 /* ThirdVCCollectionViewCell.swift */,
				3A035E3127380F6B00B29F25 /* ThirdVCCollectionViewCell.xib */,
			);
			path = ThirdCollectionCell;
			sourceTree = "<group>";
		};
		3AB98FC427380148000B8531 /* ThirdCollection */ = {
			isa = PBXGroup;
			children = (
				3AB98FBF2737FB81000B8531 /* ThirdCollectionCell */,
				3AB98FC727380606000B8531 /* CollectionViewCellModel.swift */,
				3AB98FBD2737F87F000B8531 /* PicsumService.swift */,
			);
			path = ThirdCollection;
			sourceTree = "<group>";
		};
		3AE7137D2732BCF400481ED2 = {
			isa = PBXGroup;
			children = (
				3AE713882732BCF400481ED2 /* MVVMDemoApplication */,
				3AE713872732BCF400481ED2 /* Products */,
				9486CA163F38B358BDCA4EC7 /* Pods */,
				2E0BBEB692F9E6494DA2CE7E /* Frameworks */,
			);
			sourceTree = "<group>";
		};
		3AE713872732BCF400481ED2 /* Products */ = {
			isa = PBXGroup;
			children = (
				3AE713862732BCF400481ED2 /* MVVMDemoApplication.app */,
			);
			name = Products;
			sourceTree = "<group>";
		};
		3AE713882732BCF400481ED2 /* MVVMDemoApplication */ = {
			isa = PBXGroup;
			children = (
				3AE713892732BCF500481ED2 /* AppDelegate.swift */,
				3A3338F827392E5000F8CBEE /* Routers */,
				3A2207B42742655000699CD4 /* Alert */,
				3AB98FB02737D27F000B8531 /* Strings */,
				3AB98FB82737F0DB000B8531 /* Extension */,
				3A3338FB273A78BD00F8CBEE /* TableViewVM */,
				3AE713A12732DBE100481ED2 /* FirstScreen */,
				3A333910273BEE7200F8CBEE /* SecondVC */,
				3AB98FB32737DEF0000B8531 /* ThirdVC */,
				3A3338FE273A79E900F8CBEE /* FourthMV-API */,
				3AE713922732BCF600481ED2 /* Assets.xcassets */,
				3AE713942732BCF600481ED2 /* LaunchScreen.storyboard */,
				3AE713972732BCF600481ED2 /* Info.plist */,
			);
			path = MVVMDemoApplication;
			sourceTree = "<group>";
		};
		3AE713A12732DBE100481ED2 /* FirstScreen */ = {
			isa = PBXGroup;
			children = (
				3AE7139D2732D5C000481ED2 /* FirstVC.swift */,
				3A33390C273BA5FF00F8CBEE /* FirstVM.swift */,
				3AE7139E2732D5C000481ED2 /* FirstVC.xib */,
			);
			path = FirstScreen;
			sourceTree = "<group>";
		};
		9486CA163F38B358BDCA4EC7 /* Pods */ = {
			isa = PBXGroup;
			children = (
				83CE1C9604E3040E5BAB8712 /* Pods-MVVMDemoApplication.debug.xcconfig */,
				6E6DC37770BC9526770034FE /* Pods-MVVMDemoApplication.release.xcconfig */,
			);
			path = Pods;
			sourceTree = "<group>";
		};
/* End PBXGroup section */

/* Begin PBXNativeTarget section */
		3AE713852732BCF400481ED2 /* MVVMDemoApplication */ = {
			isa = PBXNativeTarget;
			buildConfigurationList = 3AE7139A2732BCF600481ED2 /* Build configuration list for PBXNativeTarget "MVVMDemoApplication" */;
			buildPhases = (
				70EC885DFD303E10FFE84CC0 /* [CP] Check Pods Manifest.lock */,
				3AE713822732BCF400481ED2 /* Sources */,
				3AE713832732BCF400481ED2 /* Frameworks */,
				3AE713842732BCF400481ED2 /* Resources */,
				F36FBDD41A0779015DDB4C23 /* [CP] Embed Pods Frameworks */,
			);
			buildRules = (
			);
			dependencies = (
			);
			name = MVVMDemoApplication;
			productName = MVVMDemoApplication;
			productReference = 3AE713862732BCF400481ED2 /* MVVMDemoApplication.app */;
			productType = "com.apple.product-type.application";
		};
/* End PBXNativeTarget section */

/* Begin PBXProject section */
		3AE7137E2732BCF400481ED2 /* Project object */ = {
			isa = PBXProject;
			attributes = {
				BuildIndependentTargetsInParallel = 1;
				LastSwiftUpdateCheck = 1310;
				LastUpgradeCheck = 1310;
				TargetAttributes = {
					3AE713852732BCF400481ED2 = {
						CreatedOnToolsVersion = 13.1;
					};
				};
			};
			buildConfigurationList = 3AE713812732BCF400481ED2 /* Build configuration list for PBXProject "MVVMDemoApplication" */;
			compatibilityVersion = "Xcode 13.0";
			developmentRegion = en;
			hasScannedForEncodings = 0;
			knownRegions = (
				en,
				Base,
			);
			mainGroup = 3AE7137D2732BCF400481ED2;
			productRefGroup = 3AE713872732BCF400481ED2 /* Products */;
			projectDirPath = "";
			projectRoot = "";
			targets = (
				3AE713852732BCF400481ED2 /* MVVMDemoApplication */,
			);
		};
/* End PBXProject section */

/* Begin PBXResourcesBuildPhase section */
		3AE713842732BCF400481ED2 /* Resources */ = {
			isa = PBXResourcesBuildPhase;
			buildActionMask = 2147483647;
			files = (
				3AE713A52732DC5500481ED2 /* SecondVC.xib in Resources */,
				3AB211CF2733DF2100A43B96 /* SecondVCTableViewCell.xib in Resources */,
				3AB98FB72737DF2D000B8531 /* ThirdVC.xib in Resources */,
				3A035E3327380F6B00B29F25 /* ThirdVCCollectionViewCell.xib in Resources */,
				3AE713962732BCF600481ED2 /* LaunchScreen.storyboard in Resources */,
				3AE713932732BCF600481ED2 /* Assets.xcassets in Resources */,
				3AE713A02732D5C000481ED2 /* FirstVC.xib in Resources */,
			);
			runOnlyForDeploymentPostprocessing = 0;
		};
/* End PBXResourcesBuildPhase section */

/* Begin PBXShellScriptBuildPhase section */
		70EC885DFD303E10FFE84CC0 /* [CP] Check Pods Manifest.lock */ = {
			isa = PBXShellScriptBuildPhase;
			buildActionMask = 2147483647;
			files = (
			);
			inputFileListPaths = (
			);
			inputPaths = (
				"${PODS_PODFILE_DIR_PATH}/Podfile.lock",
				"${PODS_ROOT}/Manifest.lock",
			);
			name = "[CP] Check Pods Manifest.lock";
			outputFileListPaths = (
			);
			outputPaths = (
				"$(DERIVED_FILE_DIR)/Pods-MVVMDemoApplication-checkManifestLockResult.txt",
			);
			runOnlyForDeploymentPostprocessing = 0;
			shellPath = /bin/sh;
			shellScript = "diff \"${PODS_PODFILE_DIR_PATH}/Podfile.lock\" \"${PODS_ROOT}/Manifest.lock\" > /dev/null\nif [ $? != 0 ] ; then\n    # print error to STDERR\n    echo \"error: The sandbox is not in sync with the Podfile.lock. Run 'pod install' or update your CocoaPods installation.\" >&2\n    exit 1\nfi\n# This output is used by Xcode 'outputs' to avoid re-running this script phase.\necho \"SUCCESS\" > \"${SCRIPT_OUTPUT_FILE_0}\"\n";
			showEnvVarsInLog = 0;
		};
		F36FBDD41A0779015DDB4C23 /* [CP] Embed Pods Frameworks */ = {
			isa = PBXShellScriptBuildPhase;
			buildActionMask = 2147483647;
			files = (
			);
			inputFileListPaths = (
				"${PODS_ROOT}/Target Support Files/Pods-MVVMDemoApplication/Pods-MVVMDemoApplication-frameworks-${CONFIGURATION}-input-files.xcfilelist",
			);
			name = "[CP] Embed Pods Frameworks";
			outputFileListPaths = (
				"${PODS_ROOT}/Target Support Files/Pods-MVVMDemoApplication/Pods-MVVMDemoApplication-frameworks-${CONFIGURATION}-output-files.xcfilelist",
			);
			runOnlyForDeploymentPostprocessing = 0;
			shellPath = /bin/sh;
			shellScript = "\"${PODS_ROOT}/Target Support Files/Pods-MVVMDemoApplication/Pods-MVVMDemoApplication-frameworks.sh\"\n";
			showEnvVarsInLog = 0;
		};
/* End PBXShellScriptBuildPhase section */

/* Begin PBXSourcesBuildPhase section */
		3AE713822732BCF400481ED2 /* Sources */ = {
			isa = PBXSourcesBuildPhase;
			buildActionMask = 2147483647;
			files = (
				3AE713A42732DC5500481ED2 /* SecondVC.swift in Sources */,
				3AE7138A2732BCF500481ED2 /* AppDelegate.swift in Sources */,
				3AB98FBC2737F17F000B8531 /* UIExtension.swift in Sources */,
				3A035E3227380F6B00B29F25 /* ThirdVCCollectionViewCell.swift in Sources */,
				3A3338F7273925F000F8CBEE /* MainRouter.swift in Sources */,
				3AB211CE2733DF2100A43B96 /* SecondVCTableViewCell.swift in Sources */,
				3A3338FD273A78D400F8CBEE /* TableViewProtocols.swift in Sources */,
				3AB98FAD2737BB38000B8531 /* SecondVM.swift in Sources */,
				3AB98FC62738016C000B8531 /* ThirdVM.swift in Sources */,
				3A3338FA27392E6100F8CBEE /* Router.swift in Sources */,
				3A333909273AAA9F00F8CBEE /* FourthAPIManager.swift in Sources */,
				3AB98FAF2737BB52000B8531 /* TableViewCellModel.swift in Sources */,
				3AB98FBE2737F87F000B8531 /* PicsumService.swift in Sources */,
				3A333907273AA7E300F8CBEE /* APIResult.swift in Sources */,
				3AE7139F2732D5C000481ED2 /* FirstVC.swift in Sources */,
				3AB98FB62737DF2D000B8531 /* ThirdVC.swift in Sources */,
				3AB98FB22737D2B8000B8531 /* StringsConstans.swift in Sources */,
				3AB98FC827380606000B8531 /* CollectionViewCellModel.swift in Sources */,
				3A333905273AA78A00F8CBEE /* Cities.swift in Sources */,
				3A2207B62742657C00699CD4 /* AlertBuilder.swift in Sources */,
				3A33390D273BA5FF00F8CBEE /* FirstVM.swift in Sources */,
				3A333900273A7A8E00F8CBEE /* FourthVM.swift in Sources */,
				3A333903273AA74000F8CBEE /* City.swift in Sources */,
				3A33390B273AC0F600F8CBEE /* StringExtension.swift in Sources */,
				3AB98FBA2737F142000B8531 /* CGFlaotExtension.swift in Sources */,
			);
			runOnlyForDeploymentPostprocessing = 0;
		};
/* End PBXSourcesBuildPhase section */

/* Begin PBXVariantGroup section */
		3AE713942732BCF600481ED2 /* LaunchScreen.storyboard */ = {
			isa = PBXVariantGroup;
			children = (
				3AE713952732BCF600481ED2 /* Base */,
			);
			name = LaunchScreen.storyboard;
			sourceTree = "<group>";
		};
/* End PBXVariantGroup section */

/* Begin XCBuildConfiguration section */
		3AE713982732BCF600481ED2 /* Debug */ = {
			isa = XCBuildConfiguration;
			buildSettings = {
				ALWAYS_SEARCH_USER_PATHS = NO;
				CLANG_ANALYZER_NONNULL = YES;
				CLANG_ANALYZER_NUMBER_OBJECT_CONVERSION = YES_AGGRESSIVE;
				CLANG_CXX_LANGUAGE_STANDARD = "gnu++17";
				CLANG_CXX_LIBRARY = "libc++";
				CLANG_ENABLE_MODULES = YES;
				CLANG_ENABLE_OBJC_ARC = YES;
				CLANG_ENABLE_OBJC_WEAK = YES;
				CLANG_WARN_BLOCK_CAPTURE_AUTORELEASING = YES;
				CLANG_WARN_BOOL_CONVERSION = YES;
				CLANG_WARN_COMMA = YES;
				CLANG_WARN_CONSTANT_CONVERSION = YES;
				CLANG_WARN_DEPRECATED_OBJC_IMPLEMENTATIONS = YES;
				CLANG_WARN_DIRECT_OBJC_ISA_USAGE = YES_ERROR;
				CLANG_WARN_DOCUMENTATION_COMMENTS = YES;
				CLANG_WARN_EMPTY_BODY = YES;
				CLANG_WARN_ENUM_CONVERSION = YES;
				CLANG_WARN_INFINITE_RECURSION = YES;
				CLANG_WARN_INT_CONVERSION = YES;
				CLANG_WARN_NON_LITERAL_NULL_CONVERSION = YES;
				CLANG_WARN_OBJC_IMPLICIT_RETAIN_SELF = YES;
				CLANG_WARN_OBJC_LITERAL_CONVERSION = YES;
				CLANG_WARN_OBJC_ROOT_CLASS = YES_ERROR;
				CLANG_WARN_QUOTED_INCLUDE_IN_FRAMEWORK_HEADER = YES;
				CLANG_WARN_RANGE_LOOP_ANALYSIS = YES;
				CLANG_WARN_STRICT_PROTOTYPES = YES;
				CLANG_WARN_SUSPICIOUS_MOVE = YES;
				CLANG_WARN_UNGUARDED_AVAILABILITY = YES_AGGRESSIVE;
				CLANG_WARN_UNREACHABLE_CODE = YES;
				CLANG_WARN__DUPLICATE_METHOD_MATCH = YES;
				COPY_PHASE_STRIP = NO;
				DEBUG_INFORMATION_FORMAT = dwarf;
				ENABLE_STRICT_OBJC_MSGSEND = YES;
				ENABLE_TESTABILITY = YES;
				GCC_C_LANGUAGE_STANDARD = gnu11;
				GCC_DYNAMIC_NO_PIC = NO;
				GCC_NO_COMMON_BLOCKS = YES;
				GCC_OPTIMIZATION_LEVEL = 0;
				GCC_PREPROCESSOR_DEFINITIONS = (
					"DEBUG=1",
					"$(inherited)",
				);
				GCC_WARN_64_TO_32_BIT_CONVERSION = YES;
				GCC_WARN_ABOUT_RETURN_TYPE = YES_ERROR;
				GCC_WARN_UNDECLARED_SELECTOR = YES;
				GCC_WARN_UNINITIALIZED_AUTOS = YES_AGGRESSIVE;
				GCC_WARN_UNUSED_FUNCTION = YES;
				GCC_WARN_UNUSED_VARIABLE = YES;
				IPHONEOS_DEPLOYMENT_TARGET = 15.0;
				MTL_ENABLE_DEBUG_INFO = INCLUDE_SOURCE;
				MTL_FAST_MATH = YES;
				ONLY_ACTIVE_ARCH = YES;
				SDKROOT = iphoneos;
				SWIFT_ACTIVE_COMPILATION_CONDITIONS = DEBUG;
				SWIFT_OPTIMIZATION_LEVEL = "-Onone";
			};
			name = Debug;
		};
		3AE713992732BCF600481ED2 /* Release */ = {
			isa = XCBuildConfiguration;
			buildSettings = {
				ALWAYS_SEARCH_USER_PATHS = NO;
				CLANG_ANALYZER_NONNULL = YES;
				CLANG_ANALYZER_NUMBER_OBJECT_CONVERSION = YES_AGGRESSIVE;
				CLANG_CXX_LANGUAGE_STANDARD = "gnu++17";
				CLANG_CXX_LIBRARY = "libc++";
				CLANG_ENABLE_MODULES = YES;
				CLANG_ENABLE_OBJC_ARC = YES;
				CLANG_ENABLE_OBJC_WEAK = YES;
				CLANG_WARN_BLOCK_CAPTURE_AUTORELEASING = YES;
				CLANG_WARN_BOOL_CONVERSION = YES;
				CLANG_WARN_COMMA = YES;
				CLANG_WARN_CONSTANT_CONVERSION = YES;
				CLANG_WARN_DEPRECATED_OBJC_IMPLEMENTATIONS = YES;
				CLANG_WARN_DIRECT_OBJC_ISA_USAGE = YES_ERROR;
				CLANG_WARN_DOCUMENTATION_COMMENTS = YES;
				CLANG_WARN_EMPTY_BODY = YES;
				CLANG_WARN_ENUM_CONVERSION = YES;
				CLANG_WARN_INFINITE_RECURSION = YES;
				CLANG_WARN_INT_CONVERSION = YES;
				CLANG_WARN_NON_LITERAL_NULL_CONVERSION = YES;
				CLANG_WARN_OBJC_IMPLICIT_RETAIN_SELF = YES;
				CLANG_WARN_OBJC_LITERAL_CONVERSION = YES;
				CLANG_WARN_OBJC_ROOT_CLASS = YES_ERROR;
				CLANG_WARN_QUOTED_INCLUDE_IN_FRAMEWORK_HEADER = YES;
				CLANG_WARN_RANGE_LOOP_ANALYSIS = YES;
				CLANG_WARN_STRICT_PROTOTYPES = YES;
				CLANG_WARN_SUSPICIOUS_MOVE = YES;
				CLANG_WARN_UNGUARDED_AVAILABILITY = YES_AGGRESSIVE;
				CLANG_WARN_UNREACHABLE_CODE = YES;
				CLANG_WARN__DUPLICATE_METHOD_MATCH = YES;
				COPY_PHASE_STRIP = NO;
				DEBUG_INFORMATION_FORMAT = "dwarf-with-dsym";
				ENABLE_NS_ASSERTIONS = NO;
				ENABLE_STRICT_OBJC_MSGSEND = YES;
				GCC_C_LANGUAGE_STANDARD = gnu11;
				GCC_NO_COMMON_BLOCKS = YES;
				GCC_WARN_64_TO_32_BIT_CONVERSION = YES;
				GCC_WARN_ABOUT_RETURN_TYPE = YES_ERROR;
				GCC_WARN_UNDECLARED_SELECTOR = YES;
				GCC_WARN_UNINITIALIZED_AUTOS = YES_AGGRESSIVE;
				GCC_WARN_UNUSED_FUNCTION = YES;
				GCC_WARN_UNUSED_VARIABLE = YES;
				IPHONEOS_DEPLOYMENT_TARGET = 15.0;
				MTL_ENABLE_DEBUG_INFO = NO;
				MTL_FAST_MATH = YES;
				SDKROOT = iphoneos;
				SWIFT_COMPILATION_MODE = wholemodule;
				SWIFT_OPTIMIZATION_LEVEL = "-O";
				VALIDATE_PRODUCT = YES;
			};
			name = Release;
		};
		3AE7139B2732BCF600481ED2 /* Debug */ = {
			isa = XCBuildConfiguration;
			baseConfigurationReference = 83CE1C9604E3040E5BAB8712 /* Pods-MVVMDemoApplication.debug.xcconfig */;
			buildSettings = {
				ASSETCATALOG_COMPILER_APPICON_NAME = AppIcon;
				ASSETCATALOG_COMPILER_GLOBAL_ACCENT_COLOR_NAME = AccentColor;
				CODE_SIGN_STYLE = Automatic;
				CURRENT_PROJECT_VERSION = 1;
				DEVELOPMENT_TEAM = 7L8M72W2PY;
				GENERATE_INFOPLIST_FILE = YES;
				INFOPLIST_FILE = MVVMDemoApplication/Info.plist;
				INFOPLIST_KEY_UIApplicationSupportsIndirectInputEvents = YES;
				INFOPLIST_KEY_UILaunchStoryboardName = LaunchScreen;
				INFOPLIST_KEY_UISupportedInterfaceOrientations = UIInterfaceOrientationPortrait;
				INFOPLIST_KEY_UISupportedInterfaceOrientations_iPad = "UIInterfaceOrientationPortrait UIInterfaceOrientationPortraitUpsideDown UIInterfaceOrientationLandscapeLeft UIInterfaceOrientationLandscapeRight";
				INFOPLIST_KEY_UISupportedInterfaceOrientations_iPhone = "UIInterfaceOrientationPortrait UIInterfaceOrientationLandscapeLeft UIInterfaceOrientationLandscapeRight";
				LD_RUNPATH_SEARCH_PATHS = (
					"$(inherited)",
					"@executable_path/Frameworks",
				);
				MARKETING_VERSION = 1.0;
				PRODUCT_BUNDLE_IDENTIFIER = com.gini.davidnoy.MVVMDemoApplication;
				PRODUCT_NAME = "$(TARGET_NAME)";
				SWIFT_EMIT_LOC_STRINGS = YES;
				SWIFT_VERSION = 5.0;
				TARGETED_DEVICE_FAMILY = "1,2";
			};
			name = Debug;
		};
		3AE7139C2732BCF600481ED2 /* Release */ = {
			isa = XCBuildConfiguration;
			baseConfigurationReference = 6E6DC37770BC9526770034FE /* Pods-MVVMDemoApplication.release.xcconfig */;
			buildSettings = {
				ASSETCATALOG_COMPILER_APPICON_NAME = AppIcon;
				ASSETCATALOG_COMPILER_GLOBAL_ACCENT_COLOR_NAME = AccentColor;
				CODE_SIGN_STYLE = Automatic;
				CURRENT_PROJECT_VERSION = 1;
				DEVELOPMENT_TEAM = 7L8M72W2PY;
				GENERATE_INFOPLIST_FILE = YES;
				INFOPLIST_FILE = MVVMDemoApplication/Info.plist;
				INFOPLIST_KEY_UIApplicationSupportsIndirectInputEvents = YES;
				INFOPLIST_KEY_UILaunchStoryboardName = LaunchScreen;
				INFOPLIST_KEY_UISupportedInterfaceOrientations = UIInterfaceOrientationPortrait;
				INFOPLIST_KEY_UISupportedInterfaceOrientations_iPad = "UIInterfaceOrientationPortrait UIInterfaceOrientationPortraitUpsideDown UIInterfaceOrientationLandscapeLeft UIInterfaceOrientationLandscapeRight";
				INFOPLIST_KEY_UISupportedInterfaceOrientations_iPhone = "UIInterfaceOrientationPortrait UIInterfaceOrientationLandscapeLeft UIInterfaceOrientationLandscapeRight";
				LD_RUNPATH_SEARCH_PATHS = (
					"$(inherited)",
					"@executable_path/Frameworks",
				);
				MARKETING_VERSION = 1.0;
				PRODUCT_BUNDLE_IDENTIFIER = com.gini.davidnoy.MVVMDemoApplication;
				PRODUCT_NAME = "$(TARGET_NAME)";
				SWIFT_EMIT_LOC_STRINGS = YES;
				SWIFT_VERSION = 5.0;
				TARGETED_DEVICE_FAMILY = "1,2";
			};
			name = Release;
		};
/* End XCBuildConfiguration section */

/* Begin XCConfigurationList section */
		3AE713812732BCF400481ED2 /* Build configuration list for PBXProject "MVVMDemoApplication" */ = {
			isa = XCConfigurationList;
			buildConfigurations = (
				3AE713982732BCF600481ED2 /* Debug */,
				3AE713992732BCF600481ED2 /* Release */,
			);
			defaultConfigurationIsVisible = 0;
			defaultConfigurationName = Release;
		};
		3AE7139A2732BCF600481ED2 /* Build configuration list for PBXNativeTarget "MVVMDemoApplication" */ = {
			isa = XCConfigurationList;
			buildConfigurations = (
				3AE7139B2732BCF600481ED2 /* Debug */,
				3AE7139C2732BCF600481ED2 /* Release */,
			);
			defaultConfigurationIsVisible = 0;
			defaultConfigurationName = Release;
		};
/* End XCConfigurationList section */
	};
	rootObject = 3AE7137E2732BCF400481ED2 /* Project object */;
}
